
Microsoft Visual Studio Solution File, Format Version 12.00
# Visual Studio Version 16
VisualStudioVersion = 16.0.31829.152
MinimumVisualStudioVersion = 10.0.40219.1
Project("{9A19103F-16F7-4668-BE54-9A1E7A4F7556}") = "AllocationsForm", "AllocationsForm\AllocationsForm.csproj", "{8FE13765-97E0-4F36-9B86-16BD7A39972F}"
EndProject
Project("{FAE04EC0-301F-11D3-BF4B-00C04F79EFBC}") = "AllocationsFormUnitTests", "AllocationsFormUnitTests\AllocationsFormUnitTests.csproj", "{FC3E2349-43DA-4CA9-86F3-5BFA893B45CF}"
EndProject
Global
	GlobalSection(SolutionConfigurationPlatforms) = preSolution
		Debug|Any CPU = Debug|Any CPU
		Release|Any CPU = Release|Any CPU
	EndGlobalSection
	GlobalSection(ProjectConfigurationPlatforms) = postSolution
		{8FE13765-97E0-4F36-9B86-16BD7A39972F}.Debug|Any CPU.ActiveCfg = Debug|Any CPU
		{8FE13765-97E0-4F36-9B86-16BD7A39972F}.Debug|Any CPU.Build.0 = Debug|Any CPU
		{8FE13765-97E0-4F36-9B86-16BD7A39972F}.Release|Any CPU.ActiveCfg = Release|Any CPU
		{8FE13765-97E0-4F36-9B86-16BD7A39972F}.Release|Any CPU.Build.0 = Release|Any CPU
		{FC3E2349-43DA-4CA9-86F3-5BFA893B45CF}.Debug|Any CPU.ActiveCfg = Debug|Any CPU
		{FC3E2349-43DA-4CA9-86F3-5BFA893B45CF}.Debug|Any CPU.Build.0 = Debug|Any CPU
		{FC3E2349-43DA-4CA9-86F3-5BFA893B45CF}.Release|Any CPU.ActiveCfg = Release|Any CPU
		{FC3E2349-43DA-4CA9-86F3-5BFA893B45CF}.Release|Any CPU.Build.0 = Release|Any CPU
	EndGlobalSection
	GlobalSection(SolutionProperties) = preSolution
		HideSolutionNode = FALSE
	EndGlobalSection
	GlobalSection(ExtensibilityGlobals) = postSolution
		SolutionGuid = {D166FD76-0D07-4005-979F-BB5E4A806953}
	EndGlobalSection
EndGlobal
